// !$*UTF8*$!
{
	archiveVersion = 1;
	classes = {
	};
	objectVersion = 50;
	objects = {

/* Begin PBXBuildFile section */
		A106D2EB235F4ADC00557E26 /* MusicPlayerViewController.m in Sources */ = {isa = PBXBuildFile; fileRef = A106D2EA235F4ADC00557E26 /* MusicPlayerViewController.m */; };
		A106D2ED235F50F900557E26 /* MusicPlayerVC.xib in Resources */ = {isa = PBXBuildFile; fileRef = A106D2EC235F50F900557E26 /* MusicPlayerVC.xib */; };
		A143F373235B5935006180EC /* Main.storyboard in Resources */ = {isa = PBXBuildFile; fileRef = A143F371235B5935006180EC /* Main.storyboard */; };
		A143F375235B5936006180EC /* Assets.xcassets in Resources */ = {isa = PBXBuildFile; fileRef = A143F374235B5936006180EC /* Assets.xcassets */; };
		A143F378235B5936006180EC /* LaunchScreen.storyboard in Resources */ = {isa = PBXBuildFile; fileRef = A143F376235B5936006180EC /* LaunchScreen.storyboard */; };
		A143F37B235B5936006180EC /* main.m in Sources */ = {isa = PBXBuildFile; fileRef = A143F37A235B5936006180EC /* main.m */; };
		A1824D7A235C5D77004D8C52 /* zaolei.jpg in Resources */ = {isa = PBXBuildFile; fileRef = A1824D5E235C5D77004D8C52 /* zaolei.jpg */; };
		A1824D7B235C5D77004D8C52 /* 朴树 - 平凡之路.mp3 in Resources */ = {isa = PBXBuildFile; fileRef = A1824D5F235C5D77004D8C52 /* 朴树 - 平凡之路.mp3 */; };
		A1824D7C235C5D77004D8C52 /* SoundTableViewController.m in Sources */ = {isa = PBXBuildFile; fileRef = A1824D61235C5D77004D8C52 /* SoundTableViewController.m */; };
		A1824D7D235C5D77004D8C52 /* ViewController.m in Sources */ = {isa = PBXBuildFile; fileRef = A1824D63235C5D77004D8C52 /* ViewController.m */; };
		A1824D7E235C5D77004D8C52 /* SceneDelegate.m in Sources */ = {isa = PBXBuildFile; fileRef = A1824D64235C5D77004D8C52 /* SceneDelegate.m */; };
		A1824D7F235C5D77004D8C52 /* offline.jpg in Resources */ = {isa = PBXBuildFile; fileRef = A1824D65235C5D77004D8C52 /* offline.jpg */; };
		A1824D80235C5D77004D8C52 /* SoundEffectViewController.xib in Resources */ = {isa = PBXBuildFile; fileRef = A1824D66235C5D77004D8C52 /* SoundEffectViewController.xib */; };
		A1824D81235C5D77004D8C52 /* 赵雷 - 我们的时光.mp3 in Resources */ = {isa = PBXBuildFile; fileRef = A1824D67235C5D77004D8C52 /* 赵雷 - 我们的时光.mp3 */; };
		A1824D82235C5D77004D8C52 /* SoundEffectViewController.m in Sources */ = {isa = PBXBuildFile; fileRef = A1824D69235C5D77004D8C52 /* SoundEffectViewController.m */; };
		A1824D83235C5D77004D8C52 /* sound1.mp3 in Resources */ = {isa = PBXBuildFile; fileRef = A1824D6A235C5D77004D8C52 /* sound1.mp3 */; };
		A1824D84235C5D77004D8C52 /* SoundEffectTools.m in Sources */ = {isa = PBXBuildFile; fileRef = A1824D6D235C5D77004D8C52 /* SoundEffectTools.m */; };
		A1824D85235C5D77004D8C52 /* AppDelegate.m in Sources */ = {isa = PBXBuildFile; fileRef = A1824D6F235C5D77004D8C52 /* AppDelegate.m */; };
		A1824D86235C5D77004D8C52 /* MyAVAudioPlayer.m in Sources */ = {isa = PBXBuildFile; fileRef = A1824D74235C5D77004D8C52 /* MyAVAudioPlayer.m */; };
		A1824D87235C5D77004D8C52 /* AVAudioPlayerViewController.xib in Resources */ = {isa = PBXBuildFile; fileRef = A1824D75235C5D77004D8C52 /* AVAudioPlayerViewController.xib */; };
		A1824D88235C5D77004D8C52 /* MediaInfo.m in Sources */ = {isa = PBXBuildFile; fileRef = A1824D76235C5D77004D8C52 /* MediaInfo.m */; };
		A1824D89235C5D77004D8C52 /* AVAudioPlayerViewController.m in Sources */ = {isa = PBXBuildFile; fileRef = A1824D77235C5D77004D8C52 /* AVAudioPlayerViewController.m */; };
/* End PBXBuildFile section */

/* Begin PBXFileReference section */
		A106D2E9235F4ADC00557E26 /* MusicPlayerViewController.h */ = {isa = PBXFileReference; lastKnownFileType = sourcecode.c.h; path = MusicPlayerViewController.h; sourceTree = "<group>"; };
		A106D2EA235F4ADC00557E26 /* MusicPlayerViewController.m */ = {isa = PBXFileReference; lastKnownFileType = sourcecode.c.objc; path = MusicPlayerViewController.m; sourceTree = "<group>"; };
		A106D2EC235F50F900557E26 /* MusicPlayerVC.xib */ = {isa = PBXFileReference; lastKnownFileType = file.xib; path = MusicPlayerVC.xib; sourceTree = "<group>"; };
		A143F365235B5935006180EC /* AudioVideo.app */ = {isa = PBXFileReference; explicitFileType = wrapper.application; includeInIndex = 0; path = AudioVideo.app; sourceTree = BUILT_PRODUCTS_DIR; };
		A143F372235B5935006180EC /* Base */ = {isa = PBXFileReference; lastKnownFileType = file.storyboard; name = Base; path = Base.lproj/Main.storyboard; sourceTree = "<group>"; };
		A143F374235B5936006180EC /* Assets.xcassets */ = {isa = PBXFileReference; lastKnownFileType = folder.assetcatalog; path = Assets.xcassets; sourceTree = "<group>"; };
		A143F377235B5936006180EC /* Base */ = {isa = PBXFileReference; lastKnownFileType = file.storyboard; name = Base; path = Base.lproj/LaunchScreen.storyboard; sourceTree = "<group>"; };
		A143F379235B5936006180EC /* Info.plist */ = {isa = PBXFileReference; lastKnownFileType = text.plist.xml; path = Info.plist; sourceTree = "<group>"; };
		A143F37A235B5936006180EC /* main.m */ = {isa = PBXFileReference; lastKnownFileType = sourcecode.c.objc; path = main.m; sourceTree = "<group>"; };
		A1824D5E235C5D77004D8C52 /* zaolei.jpg */ = {isa = PBXFileReference; lastKnownFileType = image.jpeg; path = zaolei.jpg; sourceTree = "<group>"; };
		A1824D5F235C5D77004D8C52 /* 朴树 - 平凡之路.mp3 */ = {isa = PBXFileReference; lastKnownFileType = audio.mp3; path = "朴树 - 平凡之路.mp3"; sourceTree = "<group>"; };
		A1824D60235C5D77004D8C52 /* AppDelegate.h */ = {isa = PBXFileReference; fileEncoding = 4; lastKnownFileType = sourcecode.c.h; path = AppDelegate.h; sourceTree = "<group>"; };
		A1824D61235C5D77004D8C52 /* SoundTableViewController.m */ = {isa = PBXFileReference; fileEncoding = 4; lastKnownFileType = sourcecode.c.objc; path = SoundTableViewController.m; sourceTree = "<group>"; };
		A1824D63235C5D77004D8C52 /* ViewController.m */ = {isa = PBXFileReference; fileEncoding = 4; lastKnownFileType = sourcecode.c.objc; path = ViewController.m; sourceTree = "<group>"; };
		A1824D64235C5D77004D8C52 /* SceneDelegate.m */ = {isa = PBXFileReference; fileEncoding = 4; lastKnownFileType = sourcecode.c.objc; path = SceneDelegate.m; sourceTree = "<group>"; };
		A1824D65235C5D77004D8C52 /* offline.jpg */ = {isa = PBXFileReference; lastKnownFileType = image.jpeg; path = offline.jpg; sourceTree = "<group>"; };
		A1824D66235C5D77004D8C52 /* SoundEffectViewController.xib */ = {isa = PBXFileReference; fileEncoding = 4; lastKnownFileType = file.xib; path = SoundEffectViewController.xib; sourceTree = "<group>"; };
		A1824D67235C5D77004D8C52 /* 赵雷 - 我们的时光.mp3 */ = {isa = PBXFileReference; lastKnownFileType = audio.mp3; path = "赵雷 - 我们的时光.mp3"; sourceTree = "<group>"; };
		A1824D69235C5D77004D8C52 /* SoundEffectViewController.m */ = {isa = PBXFileReference; fileEncoding = 4; lastKnownFileType = sourcecode.c.objc; path = SoundEffectViewController.m; sourceTree = "<group>"; };
		A1824D6A235C5D77004D8C52 /* sound1.mp3 */ = {isa = PBXFileReference; lastKnownFileType = audio.mp3; path = sound1.mp3; sourceTree = "<group>"; };
		A1824D6B235C5D77004D8C52 /* SoundEffectTools.h */ = {isa = PBXFileReference; fileEncoding = 4; lastKnownFileType = sourcecode.c.h; path = SoundEffectTools.h; sourceTree = "<group>"; };
		A1824D6C235C5D77004D8C52 /* SoundEffectViewController.h */ = {isa = PBXFileReference; fileEncoding = 4; lastKnownFileType = sourcecode.c.h; path = SoundEffectViewController.h; sourceTree = "<group>"; };
		A1824D6D235C5D77004D8C52 /* SoundEffectTools.m */ = {isa = PBXFileReference; fileEncoding = 4; lastKnownFileType = sourcecode.c.objc; path = SoundEffectTools.m; sourceTree = "<group>"; };
		A1824D6E235C5D77004D8C52 /* SoundTableViewController.h */ = {isa = PBXFileReference; fileEncoding = 4; lastKnownFileType = sourcecode.c.h; path = SoundTableViewController.h; sourceTree = "<group>"; };
		A1824D6F235C5D77004D8C52 /* AppDelegate.m */ = {isa = PBXFileReference; fileEncoding = 4; lastKnownFileType = sourcecode.c.objc; path = AppDelegate.m; sourceTree = "<group>"; };
		A1824D71235C5D77004D8C52 /* MyAVAudioPlayer.h */ = {isa = PBXFileReference; fileEncoding = 4; lastKnownFileType = sourcecode.c.h; path = MyAVAudioPlayer.h; sourceTree = "<group>"; };
		A1824D72235C5D77004D8C52 /* MediaInfo.h */ = {isa = PBXFileReference; fileEncoding = 4; lastKnownFileType = sourcecode.c.h; path = MediaInfo.h; sourceTree = "<group>"; };
		A1824D73235C5D77004D8C52 /* AVAudioPlayerViewController.h */ = {isa = PBXFileReference; fileEncoding = 4; lastKnownFileType = sourcecode.c.h; path = AVAudioPlayerViewController.h; sourceTree = "<group>"; };
		A1824D74235C5D77004D8C52 /* MyAVAudioPlayer.m */ = {isa = PBXFileReference; fileEncoding = 4; lastKnownFileType = sourcecode.c.objc; path = MyAVAudioPlayer.m; sourceTree = "<group>"; };
		A1824D75235C5D77004D8C52 /* AVAudioPlayerViewController.xib */ = {isa = PBXFileReference; fileEncoding = 4; lastKnownFileType = file.xib; path = AVAudioPlayerViewController.xib; sourceTree = "<group>"; };
		A1824D76235C5D77004D8C52 /* MediaInfo.m */ = {isa = PBXFileReference; fileEncoding = 4; lastKnownFileType = sourcecode.c.objc; path = MediaInfo.m; sourceTree = "<group>"; };
		A1824D77235C5D77004D8C52 /* AVAudioPlayerViewController.m */ = {isa = PBXFileReference; fileEncoding = 4; lastKnownFileType = sourcecode.c.objc; path = AVAudioPlayerViewController.m; sourceTree = "<group>"; };
		A1824D78235C5D77004D8C52 /* ViewController.h */ = {isa = PBXFileReference; fileEncoding = 4; lastKnownFileType = sourcecode.c.h; path = ViewController.h; sourceTree = "<group>"; };
		A1824D79235C5D77004D8C52 /* SceneDelegate.h */ = {isa = PBXFileReference; fileEncoding = 4; lastKnownFileType = sourcecode.c.h; path = SceneDelegate.h; sourceTree = "<group>"; };
		A1824D8A235C5E04004D8C52 /* AudioVideo-Prefix.pch */ = {isa = PBXFileReference; fileEncoding = 4; lastKnownFileType = sourcecode.c.h; path = "AudioVideo-Prefix.pch"; sourceTree = "<group>"; };
/* End PBXFileReference section */

/* Begin PBXFrameworksBuildPhase section */
		A143F362235B5935006180EC /* Frameworks */ = {
			isa = PBXFrameworksBuildPhase;
			buildActionMask = 2147483647;
			files = (
			);
			runOnlyForDeploymentPostprocessing = 0;
		};
/* End PBXFrameworksBuildPhase section */

/* Begin PBXGroup section */
		A143F35C235B5935006180EC = {
			isa = PBXGroup;
			children = (
				A143F367235B5935006180EC /* AudioVideo */,
				A143F366235B5935006180EC /* Products */,
			);
			sourceTree = "<group>";
		};
		A143F366235B5935006180EC /* Products */ = {
			isa = PBXGroup;
			children = (
				A143F365235B5935006180EC /* AudioVideo.app */,
			);
			name = Products;
			sourceTree = "<group>";
		};
		A143F367235B5935006180EC /* AudioVideo */ = {
			isa = PBXGroup;
			children = (
				A143F371235B5935006180EC /* Main.storyboard */,
				A1824D5D235C5D77004D8C52 /* Class */,
				A143F374235B5936006180EC /* Assets.xcassets */,
				A1824D8A235C5E04004D8C52 /* AudioVideo-Prefix.pch */,
				A143F376235B5936006180EC /* LaunchScreen.storyboard */,
				A143F379235B5936006180EC /* Info.plist */,
				A143F37A235B5936006180EC /* main.m */,
			);
			path = AudioVideo;
			sourceTree = "<group>";
		};
		A1824D5D235C5D77004D8C52 /* Class */ = {
			isa = PBXGroup;
			children = (
				A186E9C2235F3DBC00422F15 /* MusicPlayer */,
				A1824D5E235C5D77004D8C52 /* zaolei.jpg */,
				A1824D5F235C5D77004D8C52 /* 朴树 - 平凡之路.mp3 */,
				A1824D6F235C5D77004D8C52 /* AppDelegate.m */,
				A1824D60235C5D77004D8C52 /* AppDelegate.h */,
				A1824D6E235C5D77004D8C52 /* SoundTableViewController.h */,
				A1824D61235C5D77004D8C52 /* SoundTableViewController.m */,
				A1824D78235C5D77004D8C52 /* ViewController.h */,
				A1824D63235C5D77004D8C52 /* ViewController.m */,
				A1824D79235C5D77004D8C52 /* SceneDelegate.h */,
				A1824D64235C5D77004D8C52 /* SceneDelegate.m */,
				A1824D65235C5D77004D8C52 /* offline.jpg */,
				A1824D67235C5D77004D8C52 /* 赵雷 - 我们的时光.mp3 */,
				A1824D68235C5D77004D8C52 /* 音效 */,
				A1824D70235C5D77004D8C52 /* AVAudioPlayer */,
			);
			path = Class;
			sourceTree = "<group>";
		};
		A1824D68235C5D77004D8C52 /* 音效 */ = {
			isa = PBXGroup;
			children = (
				A1824D6A235C5D77004D8C52 /* sound1.mp3 */,
				A1824D6B235C5D77004D8C52 /* SoundEffectTools.h */,
				A1824D6D235C5D77004D8C52 /* SoundEffectTools.m */,
				A1824D6C235C5D77004D8C52 /* SoundEffectViewController.h */,
				A1824D69235C5D77004D8C52 /* SoundEffectViewController.m */,
				A1824D66235C5D77004D8C52 /* SoundEffectViewController.xib */,
			);
			path = "音效";
			sourceTree = "<group>";
		};
		A1824D70235C5D77004D8C52 /* AVAudioPlayer */ = {
			isa = PBXGroup;
			children = (
				A1824D72235C5D77004D8C52 /* MediaInfo.h */,
				A1824D76235C5D77004D8C52 /* MediaInfo.m */,
				A1824D71235C5D77004D8C52 /* MyAVAudioPlayer.h */,
				A1824D74235C5D77004D8C52 /* MyAVAudioPlayer.m */,
				A1824D73235C5D77004D8C52 /* AVAudioPlayerViewController.h */,
				A1824D77235C5D77004D8C52 /* AVAudioPlayerViewController.m */,
				A1824D75235C5D77004D8C52 /* AVAudioPlayerViewController.xib */,
			);
			path = AVAudioPlayer;
			sourceTree = "<group>";
		};
		A186E9C2235F3DBC00422F15 /* MusicPlayer */ = {
			isa = PBXGroup;
			children = (
				A106D2E9235F4ADC00557E26 /* MusicPlayerViewController.h */,
				A106D2EA235F4ADC00557E26 /* MusicPlayerViewController.m */,
				A106D2EC235F50F900557E26 /* MusicPlayerVC.xib */,
			);
			path = MusicPlayer;
			sourceTree = "<group>";
		};
/* End PBXGroup section */

/* Begin PBXNativeTarget section */
		A143F364235B5935006180EC /* AudioVideo */ = {
			isa = PBXNativeTarget;
			buildConfigurationList = A143F37E235B5936006180EC /* Build configuration list for PBXNativeTarget "AudioVideo" */;
			buildPhases = (
				A143F361235B5935006180EC /* Sources */,
				A143F362235B5935006180EC /* Frameworks */,
				A143F363235B5935006180EC /* Resources */,
			);
			buildRules = (
			);
			dependencies = (
			);
			name = AudioVideo;
			productName = AudioVideo;
			productReference = A143F365235B5935006180EC /* AudioVideo.app */;
			productType = "com.apple.product-type.application";
		};
/* End PBXNativeTarget section */

/* Begin PBXProject section */
		A143F35D235B5935006180EC /* Project object */ = {
			isa = PBXProject;
			attributes = {
				LastUpgradeCheck = 1100;
				ORGANIZATIONNAME = Myron;
				TargetAttributes = {
					A143F364235B5935006180EC = {
						CreatedOnToolsVersion = 11.0;
					};
				};
			};
			buildConfigurationList = A143F360235B5935006180EC /* Build configuration list for PBXProject "AudioVideo" */;
			compatibilityVersion = "Xcode 9.3";
			developmentRegion = en;
			hasScannedForEncodings = 0;
			knownRegions = (
				en,
				Base,
			);
			mainGroup = A143F35C235B5935006180EC;
			productRefGroup = A143F366235B5935006180EC /* Products */;
			projectDirPath = "";
			projectRoot = "";
			targets = (
				A143F364235B5935006180EC /* AudioVideo */,
			);
		};
/* End PBXProject section */

/* Begin PBXResourcesBuildPhase section */
		A143F363235B5935006180EC /* Resources */ = {
			isa = PBXResourcesBuildPhase;
			buildActionMask = 2147483647;
			files = (
				A1824D83235C5D77004D8C52 /* sound1.mp3 in Resources */,
				A1824D80235C5D77004D8C52 /* SoundEffectViewController.xib in Resources */,
				A143F378235B5936006180EC /* LaunchScreen.storyboard in Resources */,
				A106D2ED235F50F900557E26 /* MusicPlayerVC.xib in Resources */,
				A1824D7A235C5D77004D8C52 /* zaolei.jpg in Resources */,
				A143F375235B5936006180EC /* Assets.xcassets in Resources */,
				A143F373235B5935006180EC /* Main.storyboard in Resources */,
				A1824D81235C5D77004D8C52 /* 赵雷 - 我们的时光.mp3 in Resources */,
				A1824D87235C5D77004D8C52 /* AVAudioPlayerViewController.xib in Resources */,
				A1824D7B235C5D77004D8C52 /* 朴树 - 平凡之路.mp3 in Resources */,
				A1824D7F235C5D77004D8C52 /* offline.jpg in Resources */,
			);
			runOnlyForDeploymentPostprocessing = 0;
		};
/* End PBXResourcesBuildPhase section */

/* Begin PBXSourcesBuildPhase section */
		A143F361235B5935006180EC /* Sources */ = {
			isa = PBXSourcesBuildPhase;
			buildActionMask = 2147483647;
			files = (
				A1824D86235C5D77004D8C52 /* MyAVAudioPlayer.m in Sources */,
				A1824D7D235C5D77004D8C52 /* ViewController.m in Sources */,
				A1824D88235C5D77004D8C52 /* MediaInfo.m in Sources */,
				A143F37B235B5936006180EC /* main.m in Sources */,
				A106D2EB235F4ADC00557E26 /* MusicPlayerViewController.m in Sources */,
				A1824D84235C5D77004D8C52 /* SoundEffectTools.m in Sources */,
				A1824D82235C5D77004D8C52 /* SoundEffectViewController.m in Sources */,
				A1824D7C235C5D77004D8C52 /* SoundTableViewController.m in Sources */,
				A1824D89235C5D77004D8C52 /* AVAudioPlayerViewController.m in Sources */,
				A1824D7E235C5D77004D8C52 /* SceneDelegate.m in Sources */,
				A1824D85235C5D77004D8C52 /* AppDelegate.m in Sources */,
			);
			runOnlyForDeploymentPostprocessing = 0;
		};
/* End PBXSourcesBuildPhase section */

/* Begin PBXVariantGroup section */
		A143F371235B5935006180EC /* Main.storyboard */ = {
			isa = PBXVariantGroup;
			children = (
				A143F372235B5935006180EC /* Base */,
			);
			name = Main.storyboard;
			sourceTree = "<group>";
		};
		A143F376235B5936006180EC /* LaunchScreen.storyboard */ = {
			isa = PBXVariantGroup;
			children = (
				A143F377235B5936006180EC /* Base */,
			);
			name = LaunchScreen.storyboard;
			sourceTree = "<group>";
		};
/* End PBXVariantGroup section */

/* Begin XCBuildConfiguration section */
		A143F37C235B5936006180EC /* Debug */ = {
			isa = XCBuildConfiguration;
			buildSettings = {
				ALWAYS_SEARCH_USER_PATHS = NO;
				CLANG_ANALYZER_NONNULL = YES;
				CLANG_ANALYZER_NUMBER_OBJECT_CONVERSION = YES_AGGRESSIVE;
				CLANG_CXX_LANGUAGE_STANDARD = "gnu++14";
				CLANG_CXX_LIBRARY = "libc++";
				CLANG_ENABLE_MODULES = YES;
				CLANG_ENABLE_OBJC_ARC = YES;
				CLANG_ENABLE_OBJC_WEAK = YES;
				CLANG_WARN_BLOCK_CAPTURE_AUTORELEASING = YES;
				CLANG_WARN_BOOL_CONVERSION = YES;
				CLANG_WARN_COMMA = YES;
				CLANG_WARN_CONSTANT_CONVERSION = YES;
				CLANG_WARN_DEPRECATED_OBJC_IMPLEMENTATIONS = YES;
				CLANG_WARN_DIRECT_OBJC_ISA_USAGE = YES_ERROR;
				CLANG_WARN_DOCUMENTATION_COMMENTS = YES;
				CLANG_WARN_EMPTY_BODY = YES;
				CLANG_WARN_ENUM_CONVERSION = YES;
				CLANG_WARN_INFINITE_RECURSION = YES;
				CLANG_WARN_INT_CONVERSION = YES;
				CLANG_WARN_NON_LITERAL_NULL_CONVERSION = YES;
				CLANG_WARN_OBJC_IMPLICIT_RETAIN_SELF = YES;
				CLANG_WARN_OBJC_LITERAL_CONVERSION = YES;
				CLANG_WARN_OBJC_ROOT_CLASS = YES_ERROR;
				CLANG_WARN_RANGE_LOOP_ANALYSIS = YES;
				CLANG_WARN_STRICT_PROTOTYPES = YES;
				CLANG_WARN_SUSPICIOUS_MOVE = YES;
				CLANG_WARN_UNGUARDED_AVAILABILITY = YES_AGGRESSIVE;
				CLANG_WARN_UNREACHABLE_CODE = YES;
				CLANG_WARN__DUPLICATE_METHOD_MATCH = YES;
				COPY_PHASE_STRIP = NO;
				DEBUG_INFORMATION_FORMAT = dwarf;
				ENABLE_STRICT_OBJC_MSGSEND = YES;
				ENABLE_TESTABILITY = YES;
				GCC_C_LANGUAGE_STANDARD = gnu11;
				GCC_DYNAMIC_NO_PIC = NO;
				GCC_NO_COMMON_BLOCKS = YES;
				GCC_OPTIMIZATION_LEVEL = 0;
				GCC_PREPROCESSOR_DEFINITIONS = (
					"DEBUG=1",
					"$(inherited)",
				);
				GCC_WARN_64_TO_32_BIT_CONVERSION = YES;
				GCC_WARN_ABOUT_RETURN_TYPE = YES_ERROR;
				GCC_WARN_UNDECLARED_SELECTOR = YES;
				GCC_WARN_UNINITIALIZED_AUTOS = YES_AGGRESSIVE;
				GCC_WARN_UNUSED_FUNCTION = YES;
				GCC_WARN_UNUSED_VARIABLE = YES;
				IPHONEOS_DEPLOYMENT_TARGET = 13.0;
				MTL_ENABLE_DEBUG_INFO = INCLUDE_SOURCE;
				MTL_FAST_MATH = YES;
				ONLY_ACTIVE_ARCH = YES;
				SDKROOT = iphoneos;
			};
			name = Debug;
		};
		A143F37D235B5936006180EC /* Release */ = {
			isa = XCBuildConfiguration;
			buildSettings = {
				ALWAYS_SEARCH_USER_PATHS = NO;
				CLANG_ANALYZER_NONNULL = YES;
				CLANG_ANALYZER_NUMBER_OBJECT_CONVERSION = YES_AGGRESSIVE;
				CLANG_CXX_LANGUAGE_STANDARD = "gnu++14";
				CLANG_CXX_LIBRARY = "libc++";
				CLANG_ENABLE_MODULES = YES;
				CLANG_ENABLE_OBJC_ARC = YES;
				CLANG_ENABLE_OBJC_WEAK = YES;
				CLANG_WARN_BLOCK_CAPTURE_AUTORELEASING = YES;
				CLANG_WARN_BOOL_CONVERSION = YES;
				CLANG_WARN_COMMA = YES;
				CLANG_WARN_CONSTANT_CONVERSION = YES;
				CLANG_WARN_DEPRECATED_OBJC_IMPLEMENTATIONS = YES;
				CLANG_WARN_DIRECT_OBJC_ISA_USAGE = YES_ERROR;
				CLANG_WARN_DOCUMENTATION_COMMENTS = YES;
				CLANG_WARN_EMPTY_BODY = YES;
				CLANG_WARN_ENUM_CONVERSION = YES;
				CLANG_WARN_INFINITE_RECURSION = YES;
				CLANG_WARN_INT_CONVERSION = YES;
				CLANG_WARN_NON_LITERAL_NULL_CONVERSION = YES;
				CLANG_WARN_OBJC_IMPLICIT_RETAIN_SELF = YES;
				CLANG_WARN_OBJC_LITERAL_CONVERSION = YES;
				CLANG_WARN_OBJC_ROOT_CLASS = YES_ERROR;
				CLANG_WARN_RANGE_LOOP_ANALYSIS = YES;
				CLANG_WARN_STRICT_PROTOTYPES = YES;
				CLANG_WARN_SUSPICIOUS_MOVE = YES;
				CLANG_WARN_UNGUARDED_AVAILABILITY = YES_AGGRESSIVE;
				CLANG_WARN_UNREACHABLE_CODE = YES;
				CLANG_WARN__DUPLICATE_METHOD_MATCH = YES;
				COPY_PHASE_STRIP = NO;
				DEBUG_INFORMATION_FORMAT = "dwarf-with-dsym";
				ENABLE_NS_ASSERTIONS = NO;
				ENABLE_STRICT_OBJC_MSGSEND = YES;
				GCC_C_LANGUAGE_STANDARD = gnu11;
				GCC_NO_COMMON_BLOCKS = YES;
				GCC_WARN_64_TO_32_BIT_CONVERSION = YES;
				GCC_WARN_ABOUT_RETURN_TYPE = YES_ERROR;
				GCC_WARN_UNDECLARED_SELECTOR = YES;
				GCC_WARN_UNINITIALIZED_AUTOS = YES_AGGRESSIVE;
				GCC_WARN_UNUSED_FUNCTION = YES;
				GCC_WARN_UNUSED_VARIABLE = YES;
				IPHONEOS_DEPLOYMENT_TARGET = 13.0;
				MTL_ENABLE_DEBUG_INFO = NO;
				MTL_FAST_MATH = YES;
				SDKROOT = iphoneos;
				VALIDATE_PRODUCT = YES;
			};
			name = Release;
		};
		A143F37F235B5936006180EC /* Debug */ = {
			isa = XCBuildConfiguration;
			buildSettings = {
				ASSETCATALOG_COMPILER_APPICON_NAME = AppIcon;
				CODE_SIGN_STYLE = Automatic;
				DEVELOPMENT_TEAM = KGB4YH8FC6;
				GCC_PREFIX_HEADER = "AudioVideo/AudioVideo-Prefix.pch";
				INFOPLIST_FILE = AudioVideo/Info.plist;
				LD_RUNPATH_SEARCH_PATHS = (
					"$(inherited)",
					"@executable_path/Frameworks",
				);
				PRODUCT_BUNDLE_IDENTIFIER = com.myron.AudioVideo;
				PRODUCT_NAME = "$(TARGET_NAME)";
				TARGETED_DEVICE_FAMILY = "1,2";
			};
			name = Debug;
		};
		A143F380235B5936006180EC /* Release */ = {
			isa = XCBuildConfiguration;
			buildSettings = {
				ASSETCATALOG_COMPILER_APPICON_NAME = AppIcon;
				CODE_SIGN_STYLE = Automatic;
				DEVELOPMENT_TEAM = KGB4YH8FC6;
				GCC_PREFIX_HEADER = "AudioVideo/AudioVideo-Prefix.pch";
				INFOPLIST_FILE = AudioVideo/Info.plist;
				LD_RUNPATH_SEARCH_PATHS = (
					"$(inherited)",
					"@executable_path/Frameworks",
				);
				PRODUCT_BUNDLE_IDENTIFIER = com.myron.AudioVideo;
				PRODUCT_NAME = "$(TARGET_NAME)";
				TARGETED_DEVICE_FAMILY = "1,2";
			};
			name = Release;
		};
/* End XCBuildConfiguration section */

/* Begin XCConfigurationList section */
		A143F360235B5935006180EC /* Build configuration list for PBXProject "AudioVideo" */ = {
			isa = XCConfigurationList;
			buildConfigurations = (
				A143F37C235B5936006180EC /* Debug */,
				A143F37D235B5936006180EC /* Release */,
			);
			defaultConfigurationIsVisible = 0;
			defaultConfigurationName = Release;
		};
		A143F37E235B5936006180EC /* Build configuration list for PBXNativeTarget "AudioVideo" */ = {
			isa = XCConfigurationList;
			buildConfigurations = (
				A143F37F235B5936006180EC /* Debug */,
				A143F380235B5936006180EC /* Release */,
			);
			defaultConfigurationIsVisible = 0;
			defaultConfigurationName = Release;
		};
/* End XCConfigurationList section */
	};
	rootObject = A143F35D235B5935006180EC /* Project object */;
}
