// !$*UTF8*$!
{
	archiveVersion = 1;
	classes = {
	};
	objectVersion = 50;
	objects = {

/* Begin PBXBuildFile section */
		A10068E0236337C000FE7EFB /* Reachability.m in Sources */ = {isa = PBXBuildFile; fileRef = A10068BD236337C000FE7EFB /* Reachability.m */; };
		A10068E1236337C000FE7EFB /* FSParseRssPodcastFeedRequest.m in Sources */ = {isa = PBXBuildFile; fileRef = A10068BE236337C000FE7EFB /* FSParseRssPodcastFeedRequest.m */; };
		A10068E2236337C000FE7EFB /* http_stream.cpp in Sources */ = {isa = PBXBuildFile; fileRef = A10068C0236337C000FE7EFB /* http_stream.cpp */; };
		A10068E3236337C000FE7EFB /* FSPlaylistItem.m in Sources */ = {isa = PBXBuildFile; fileRef = A10068C1236337C000FE7EFB /* FSPlaylistItem.m */; };
		A10068E4236337C000FE7EFB /* audio_stream.cpp in Sources */ = {isa = PBXBuildFile; fileRef = A10068C2236337C000FE7EFB /* audio_stream.cpp */; };
		A10068E5236337C000FE7EFB /* id3_parser.cpp in Sources */ = {isa = PBXBuildFile; fileRef = A10068C4236337C000FE7EFB /* id3_parser.cpp */; };
		A10068E6236337C000FE7EFB /* FSCheckContentTypeRequest.m in Sources */ = {isa = PBXBuildFile; fileRef = A10068C5236337C000FE7EFB /* FSCheckContentTypeRequest.m */; };
		A10068E7236337C000FE7EFB /* stream_configuration.cpp in Sources */ = {isa = PBXBuildFile; fileRef = A10068C6236337C000FE7EFB /* stream_configuration.cpp */; };
		A10068E8236337C000FE7EFB /* input_stream.cpp in Sources */ = {isa = PBXBuildFile; fileRef = A10068C8236337C000FE7EFB /* input_stream.cpp */; };
		A10068E9236337C000FE7EFB /* FSAudioController.m in Sources */ = {isa = PBXBuildFile; fileRef = A10068CB236337C000FE7EFB /* FSAudioController.m */; };
		A10068EA236337C000FE7EFB /* file_output.cpp in Sources */ = {isa = PBXBuildFile; fileRef = A10068CC236337C000FE7EFB /* file_output.cpp */; };
		A10068EB236337C000FE7EFB /* caching_stream.cpp in Sources */ = {isa = PBXBuildFile; fileRef = A10068CD236337C000FE7EFB /* caching_stream.cpp */; };
		A10068EC236337C000FE7EFB /* FSXMLHttpRequest.m in Sources */ = {isa = PBXBuildFile; fileRef = A10068D1236337C000FE7EFB /* FSXMLHttpRequest.m */; };
		A10068ED236337C000FE7EFB /* FSAudioStream.mm in Sources */ = {isa = PBXBuildFile; fileRef = A10068D4236337C000FE7EFB /* FSAudioStream.mm */; };
		A10068EE236337C000FE7EFB /* audio_queue.cpp in Sources */ = {isa = PBXBuildFile; fileRef = A10068D6236337C000FE7EFB /* audio_queue.cpp */; };
		A10068EF236337C000FE7EFB /* file_stream.cpp in Sources */ = {isa = PBXBuildFile; fileRef = A10068D8236337C000FE7EFB /* file_stream.cpp */; };
		A10068F0236337C000FE7EFB /* FSParsePlaylistRequest.m in Sources */ = {isa = PBXBuildFile; fileRef = A10068D9236337C000FE7EFB /* FSParsePlaylistRequest.m */; };
		A10068F72363383200FE7EFB /* libxml2.tbd in Frameworks */ = {isa = PBXBuildFile; fileRef = A10068F3236337EE00FE7EFB /* libxml2.tbd */; };
		A106D2EB235F4ADC00557E26 /* MusicPlayerViewController.m in Sources */ = {isa = PBXBuildFile; fileRef = A106D2EA235F4ADC00557E26 /* MusicPlayerViewController.m */; };
		A106D2ED235F50F900557E26 /* MusicPlayerVC.xib in Resources */ = {isa = PBXBuildFile; fileRef = A106D2EC235F50F900557E26 /* MusicPlayerVC.xib */; };
		A11CFFFC2364803F007288D4 /* test4.mp4 in Resources */ = {isa = PBXBuildFile; fileRef = A11CFFFB2364803F007288D4 /* test4.mp4 */; };
		A143F373235B5935006180EC /* Main.storyboard in Resources */ = {isa = PBXBuildFile; fileRef = A143F371235B5935006180EC /* Main.storyboard */; };
		A143F375235B5936006180EC /* Assets.xcassets in Resources */ = {isa = PBXBuildFile; fileRef = A143F374235B5936006180EC /* Assets.xcassets */; };
		A143F378235B5936006180EC /* LaunchScreen.storyboard in Resources */ = {isa = PBXBuildFile; fileRef = A143F376235B5936006180EC /* LaunchScreen.storyboard */; };
		A143F37B235B5936006180EC /* main.m in Sources */ = {isa = PBXBuildFile; fileRef = A143F37A235B5936006180EC /* main.m */; };
		A14A642423659467001102A0 /* ImagePickVC.m in Sources */ = {isa = PBXBuildFile; fileRef = A14A642223659467001102A0 /* ImagePickVC.m */; };
		A14A642523659467001102A0 /* ImagePickVC.xib in Resources */ = {isa = PBXBuildFile; fileRef = A14A642323659467001102A0 /* ImagePickVC.xib */; };
		A14CFBA82363FD9400E5E92C /* FreeStreamerUtils.m in Sources */ = {isa = PBXBuildFile; fileRef = A14CFBA72363FD9400E5E92C /* FreeStreamerUtils.m */; };
		A14CFBAC23642C7400E5E92C /* MPMoviePlayerVC.m in Sources */ = {isa = PBXBuildFile; fileRef = A14CFBAB23642C7400E5E92C /* MPMoviePlayerVC.m */; };
		A14CFBAE23642C9500E5E92C /* MPMoviePlayerVC.xib in Resources */ = {isa = PBXBuildFile; fileRef = A14CFBAD23642C9500E5E92C /* MPMoviePlayerVC.xib */; };
		A14CFBB223643C8C00E5E92C /* AVPlayerVC.m in Sources */ = {isa = PBXBuildFile; fileRef = A14CFBB123643C8C00E5E92C /* AVPlayerVC.m */; };
		A14CFBB423643C9700E5E92C /* AVPlayerVC.xib in Resources */ = {isa = PBXBuildFile; fileRef = A14CFBB323643C9700E5E92C /* AVPlayerVC.xib */; };
		A1824D7A235C5D77004D8C52 /* zaolei.jpg in Resources */ = {isa = PBXBuildFile; fileRef = A1824D5E235C5D77004D8C52 /* zaolei.jpg */; };
		A1824D7B235C5D77004D8C52 /* 朴树 - 平凡之路.mp3 in Resources */ = {isa = PBXBuildFile; fileRef = A1824D5F235C5D77004D8C52 /* 朴树 - 平凡之路.mp3 */; };
		A1824D7C235C5D77004D8C52 /* SoundTableViewController.m in Sources */ = {isa = PBXBuildFile; fileRef = A1824D61235C5D77004D8C52 /* SoundTableViewController.m */; };
		A1824D7D235C5D77004D8C52 /* ViewController.m in Sources */ = {isa = PBXBuildFile; fileRef = A1824D63235C5D77004D8C52 /* ViewController.m */; };
		A1824D7E235C5D77004D8C52 /* SceneDelegate.m in Sources */ = {isa = PBXBuildFile; fileRef = A1824D64235C5D77004D8C52 /* SceneDelegate.m */; };
		A1824D7F235C5D77004D8C52 /* offline.jpg in Resources */ = {isa = PBXBuildFile; fileRef = A1824D65235C5D77004D8C52 /* offline.jpg */; };
		A1824D80235C5D77004D8C52 /* SoundEffectViewController.xib in Resources */ = {isa = PBXBuildFile; fileRef = A1824D66235C5D77004D8C52 /* SoundEffectViewController.xib */; };
		A1824D81235C5D77004D8C52 /* 赵雷 - 我们的时光.mp3 in Resources */ = {isa = PBXBuildFile; fileRef = A1824D67235C5D77004D8C52 /* 赵雷 - 我们的时光.mp3 */; };
		A1824D82235C5D77004D8C52 /* SoundEffectViewController.m in Sources */ = {isa = PBXBuildFile; fileRef = A1824D69235C5D77004D8C52 /* SoundEffectViewController.m */; };
		A1824D83235C5D77004D8C52 /* sound1.mp3 in Resources */ = {isa = PBXBuildFile; fileRef = A1824D6A235C5D77004D8C52 /* sound1.mp3 */; };
		A1824D84235C5D77004D8C52 /* SoundEffectTools.m in Sources */ = {isa = PBXBuildFile; fileRef = A1824D6D235C5D77004D8C52 /* SoundEffectTools.m */; };
		A1824D85235C5D77004D8C52 /* AppDelegate.m in Sources */ = {isa = PBXBuildFile; fileRef = A1824D6F235C5D77004D8C52 /* AppDelegate.m */; };
		A1824D86235C5D77004D8C52 /* MyAVAudioPlayer.m in Sources */ = {isa = PBXBuildFile; fileRef = A1824D74235C5D77004D8C52 /* MyAVAudioPlayer.m */; };
		A1824D87235C5D77004D8C52 /* AVAudioPlayerViewController.xib in Resources */ = {isa = PBXBuildFile; fileRef = A1824D75235C5D77004D8C52 /* AVAudioPlayerViewController.xib */; };
		A1824D88235C5D77004D8C52 /* MediaInfo.m in Sources */ = {isa = PBXBuildFile; fileRef = A1824D76235C5D77004D8C52 /* MediaInfo.m */; };
		A1824D89235C5D77004D8C52 /* AVAudioPlayerViewController.m in Sources */ = {isa = PBXBuildFile; fileRef = A1824D77235C5D77004D8C52 /* AVAudioPlayerViewController.m */; };
		A182CCEA236335F0009579BB /* FreeStreamerVC.m in Sources */ = {isa = PBXBuildFile; fileRef = A182CCE8236335F0009579BB /* FreeStreamerVC.m */; };
		A182CCEB236335F0009579BB /* FreeStreamerVC.xib in Resources */ = {isa = PBXBuildFile; fileRef = A182CCE9236335F0009579BB /* FreeStreamerVC.xib */; };
		A188ECC1236735A900817E00 /* AVCaptureSessionVC.m in Sources */ = {isa = PBXBuildFile; fileRef = A188ECBF236735A900817E00 /* AVCaptureSessionVC.m */; };
		A188ECC2236735A900817E00 /* AVCaptureSessionVC.xib in Resources */ = {isa = PBXBuildFile; fileRef = A188ECC0236735A900817E00 /* AVCaptureSessionVC.xib */; };
		A1BB8E192361E3F500F243DC /* AVAudioRecorderVC.m in Sources */ = {isa = PBXBuildFile; fileRef = A1BB8E172361E3F500F243DC /* AVAudioRecorderVC.m */; };
		A1BB8E1A2361E3F500F243DC /* AVAudioRecorderVC.xib in Resources */ = {isa = PBXBuildFile; fileRef = A1BB8E182361E3F500F243DC /* AVAudioRecorderVC.xib */; };
		A1E0B74323647784005E3AE3 /* AVAssetImageVC.m in Sources */ = {isa = PBXBuildFile; fileRef = A1E0B74223647784005E3AE3 /* AVAssetImageVC.m */; };
		A1E0B745236477C1005E3AE3 /* AVAssetImageVC.xib in Resources */ = {isa = PBXBuildFile; fileRef = A1E0B744236477C1005E3AE3 /* AVAssetImageVC.xib */; };
/* End PBXBuildFile section */

/* Begin PBXFileReference section */
		A10068BC236337C000FE7EFB /* audio_queue.h */ = {isa = PBXFileReference; fileEncoding = 4; lastKnownFileType = sourcecode.c.h; path = audio_queue.h; sourceTree = "<group>"; };
		A10068BD236337C000FE7EFB /* Reachability.m */ = {isa = PBXFileReference; fileEncoding = 4; lastKnownFileType = sourcecode.c.objc; path = Reachability.m; sourceTree = "<group>"; };
		A10068BE236337C000FE7EFB /* FSParseRssPodcastFeedRequest.m */ = {isa = PBXFileReference; fileEncoding = 4; lastKnownFileType = sourcecode.c.objc; path = FSParseRssPodcastFeedRequest.m; sourceTree = "<group>"; };
		A10068BF236337C000FE7EFB /* FSXMLHttpRequest.h */ = {isa = PBXFileReference; fileEncoding = 4; lastKnownFileType = sourcecode.c.h; path = FSXMLHttpRequest.h; sourceTree = "<group>"; };
		A10068C0236337C000FE7EFB /* http_stream.cpp */ = {isa = PBXFileReference; fileEncoding = 4; lastKnownFileType = sourcecode.cpp.cpp; path = http_stream.cpp; sourceTree = "<group>"; };
		A10068C1236337C000FE7EFB /* FSPlaylistItem.m */ = {isa = PBXFileReference; fileEncoding = 4; lastKnownFileType = sourcecode.c.objc; path = FSPlaylistItem.m; sourceTree = "<group>"; };
		A10068C2236337C000FE7EFB /* audio_stream.cpp */ = {isa = PBXFileReference; fileEncoding = 4; lastKnownFileType = sourcecode.cpp.cpp; path = audio_stream.cpp; sourceTree = "<group>"; };
		A10068C3236337C000FE7EFB /* FSParsePlaylistRequest.h */ = {isa = PBXFileReference; fileEncoding = 4; lastKnownFileType = sourcecode.c.h; path = FSParsePlaylistRequest.h; sourceTree = "<group>"; };
		A10068C4236337C000FE7EFB /* id3_parser.cpp */ = {isa = PBXFileReference; fileEncoding = 4; lastKnownFileType = sourcecode.cpp.cpp; path = id3_parser.cpp; sourceTree = "<group>"; };
		A10068C5236337C000FE7EFB /* FSCheckContentTypeRequest.m */ = {isa = PBXFileReference; fileEncoding = 4; lastKnownFileType = sourcecode.c.objc; path = FSCheckContentTypeRequest.m; sourceTree = "<group>"; };
		A10068C6236337C000FE7EFB /* stream_configuration.cpp */ = {isa = PBXFileReference; fileEncoding = 4; lastKnownFileType = sourcecode.cpp.cpp; path = stream_configuration.cpp; sourceTree = "<group>"; };
		A10068C7236337C000FE7EFB /* file_stream.h */ = {isa = PBXFileReference; fileEncoding = 4; lastKnownFileType = sourcecode.c.h; path = file_stream.h; sourceTree = "<group>"; };
		A10068C8236337C000FE7EFB /* input_stream.cpp */ = {isa = PBXFileReference; fileEncoding = 4; lastKnownFileType = sourcecode.cpp.cpp; path = input_stream.cpp; sourceTree = "<group>"; };
		A10068C9236337C000FE7EFB /* input_stream.h */ = {isa = PBXFileReference; fileEncoding = 4; lastKnownFileType = sourcecode.c.h; path = input_stream.h; sourceTree = "<group>"; };
		A10068CA236337C000FE7EFB /* file_output.h */ = {isa = PBXFileReference; fileEncoding = 4; lastKnownFileType = sourcecode.c.h; path = file_output.h; sourceTree = "<group>"; };
		A10068CB236337C000FE7EFB /* FSAudioController.m */ = {isa = PBXFileReference; fileEncoding = 4; lastKnownFileType = sourcecode.c.objc; path = FSAudioController.m; sourceTree = "<group>"; };
		A10068CC236337C000FE7EFB /* file_output.cpp */ = {isa = PBXFileReference; fileEncoding = 4; lastKnownFileType = sourcecode.cpp.cpp; path = file_output.cpp; sourceTree = "<group>"; };
		A10068CD236337C000FE7EFB /* caching_stream.cpp */ = {isa = PBXFileReference; fileEncoding = 4; lastKnownFileType = sourcecode.cpp.cpp; path = caching_stream.cpp; sourceTree = "<group>"; };
		A10068CE236337C000FE7EFB /* audio_stream.h */ = {isa = PBXFileReference; fileEncoding = 4; lastKnownFileType = sourcecode.c.h; path = audio_stream.h; sourceTree = "<group>"; };
		A10068CF236337C000FE7EFB /* http_stream.h */ = {isa = PBXFileReference; fileEncoding = 4; lastKnownFileType = sourcecode.c.h; path = http_stream.h; sourceTree = "<group>"; };
		A10068D0236337C000FE7EFB /* FSPlaylistItem.h */ = {isa = PBXFileReference; fileEncoding = 4; lastKnownFileType = sourcecode.c.h; path = FSPlaylistItem.h; sourceTree = "<group>"; };
		A10068D1236337C000FE7EFB /* FSXMLHttpRequest.m */ = {isa = PBXFileReference; fileEncoding = 4; lastKnownFileType = sourcecode.c.objc; path = FSXMLHttpRequest.m; sourceTree = "<group>"; };
		A10068D2236337C000FE7EFB /* FSParseRssPodcastFeedRequest.h */ = {isa = PBXFileReference; fileEncoding = 4; lastKnownFileType = sourcecode.c.h; path = FSParseRssPodcastFeedRequest.h; sourceTree = "<group>"; };
		A10068D3236337C000FE7EFB /* Reachability.h */ = {isa = PBXFileReference; fileEncoding = 4; lastKnownFileType = sourcecode.c.h; path = Reachability.h; sourceTree = "<group>"; };
		A10068D4236337C000FE7EFB /* FSAudioStream.mm */ = {isa = PBXFileReference; fileEncoding = 4; lastKnownFileType = sourcecode.cpp.objcpp; path = FSAudioStream.mm; sourceTree = "<group>"; };
		A10068D5236337C000FE7EFB /* id3_parser.h */ = {isa = PBXFileReference; fileEncoding = 4; lastKnownFileType = sourcecode.c.h; path = id3_parser.h; sourceTree = "<group>"; };
		A10068D6236337C000FE7EFB /* audio_queue.cpp */ = {isa = PBXFileReference; fileEncoding = 4; lastKnownFileType = sourcecode.cpp.cpp; path = audio_queue.cpp; sourceTree = "<group>"; };
		A10068D7236337C000FE7EFB /* FSCheckContentTypeRequest.h */ = {isa = PBXFileReference; fileEncoding = 4; lastKnownFileType = sourcecode.c.h; path = FSCheckContentTypeRequest.h; sourceTree = "<group>"; };
		A10068D8236337C000FE7EFB /* file_stream.cpp */ = {isa = PBXFileReference; fileEncoding = 4; lastKnownFileType = sourcecode.cpp.cpp; path = file_stream.cpp; sourceTree = "<group>"; };
		A10068D9236337C000FE7EFB /* FSParsePlaylistRequest.m */ = {isa = PBXFileReference; fileEncoding = 4; lastKnownFileType = sourcecode.c.objc; path = FSParsePlaylistRequest.m; sourceTree = "<group>"; };
		A10068DA236337C000FE7EFB /* FSAudioStream.h */ = {isa = PBXFileReference; fileEncoding = 4; lastKnownFileType = sourcecode.c.h; path = FSAudioStream.h; sourceTree = "<group>"; };
		A10068DB236337C000FE7EFB /* FreeStreamer.h */ = {isa = PBXFileReference; fileEncoding = 4; lastKnownFileType = sourcecode.c.h; path = FreeStreamer.h; sourceTree = "<group>"; };
		A10068DC236337C000FE7EFB /* FSAudioController.h */ = {isa = PBXFileReference; fileEncoding = 4; lastKnownFileType = sourcecode.c.h; path = FSAudioController.h; sourceTree = "<group>"; };
		A10068DD236337C000FE7EFB /* stream_configuration.h */ = {isa = PBXFileReference; fileEncoding = 4; lastKnownFileType = sourcecode.c.h; path = stream_configuration.h; sourceTree = "<group>"; };
		A10068DE236337C000FE7EFB /* Info.plist */ = {isa = PBXFileReference; fileEncoding = 4; lastKnownFileType = text.plist.xml; path = Info.plist; sourceTree = "<group>"; };
		A10068DF236337C000FE7EFB /* caching_stream.h */ = {isa = PBXFileReference; fileEncoding = 4; lastKnownFileType = sourcecode.c.h; path = caching_stream.h; sourceTree = "<group>"; };
		A10068F3236337EE00FE7EFB /* libxml2.tbd */ = {isa = PBXFileReference; lastKnownFileType = "sourcecode.text-based-dylib-definition"; name = libxml2.tbd; path = usr/lib/libxml2.tbd; sourceTree = SDKROOT; };
		A10068F52363382300FE7EFB /* libxml2.2.tbd */ = {isa = PBXFileReference; lastKnownFileType = "sourcecode.text-based-dylib-definition"; name = libxml2.2.tbd; path = usr/lib/libxml2.2.tbd; sourceTree = SDKROOT; };
		A106D2E9235F4ADC00557E26 /* MusicPlayerViewController.h */ = {isa = PBXFileReference; lastKnownFileType = sourcecode.c.h; path = MusicPlayerViewController.h; sourceTree = "<group>"; };
		A106D2EA235F4ADC00557E26 /* MusicPlayerViewController.m */ = {isa = PBXFileReference; lastKnownFileType = sourcecode.c.objc; path = MusicPlayerViewController.m; sourceTree = "<group>"; };
		A106D2EC235F50F900557E26 /* MusicPlayerVC.xib */ = {isa = PBXFileReference; lastKnownFileType = file.xib; path = MusicPlayerVC.xib; sourceTree = "<group>"; };
		A11CFFFB2364803F007288D4 /* test4.mp4 */ = {isa = PBXFileReference; lastKnownFileType = file; path = test4.mp4; sourceTree = "<group>"; };
		A143F365235B5935006180EC /* AudioVideo.app */ = {isa = PBXFileReference; explicitFileType = wrapper.application; includeInIndex = 0; path = AudioVideo.app; sourceTree = BUILT_PRODUCTS_DIR; };
		A143F372235B5935006180EC /* Base */ = {isa = PBXFileReference; lastKnownFileType = file.storyboard; name = Base; path = Base.lproj/Main.storyboard; sourceTree = "<group>"; };
		A143F374235B5936006180EC /* Assets.xcassets */ = {isa = PBXFileReference; lastKnownFileType = folder.assetcatalog; path = Assets.xcassets; sourceTree = "<group>"; };
		A143F377235B5936006180EC /* Base */ = {isa = PBXFileReference; lastKnownFileType = file.storyboard; name = Base; path = Base.lproj/LaunchScreen.storyboard; sourceTree = "<group>"; };
		A143F379235B5936006180EC /* Info.plist */ = {isa = PBXFileReference; lastKnownFileType = text.plist.xml; path = Info.plist; sourceTree = "<group>"; };
		A143F37A235B5936006180EC /* main.m */ = {isa = PBXFileReference; lastKnownFileType = sourcecode.c.objc; path = main.m; sourceTree = "<group>"; };
		A14A642123659467001102A0 /* ImagePickVC.h */ = {isa = PBXFileReference; lastKnownFileType = sourcecode.c.h; path = ImagePickVC.h; sourceTree = "<group>"; };
		A14A642223659467001102A0 /* ImagePickVC.m */ = {isa = PBXFileReference; lastKnownFileType = sourcecode.c.objc; path = ImagePickVC.m; sourceTree = "<group>"; };
		A14A642323659467001102A0 /* ImagePickVC.xib */ = {isa = PBXFileReference; lastKnownFileType = file.xib; path = ImagePickVC.xib; sourceTree = "<group>"; };
		A14CFBA62363FD9400E5E92C /* FreeStreamerUtils.h */ = {isa = PBXFileReference; lastKnownFileType = sourcecode.c.h; path = FreeStreamerUtils.h; sourceTree = "<group>"; };
		A14CFBA72363FD9400E5E92C /* FreeStreamerUtils.m */ = {isa = PBXFileReference; lastKnownFileType = sourcecode.c.objc; path = FreeStreamerUtils.m; sourceTree = "<group>"; };
		A14CFBAA23642C7400E5E92C /* MPMoviePlayerVC.h */ = {isa = PBXFileReference; lastKnownFileType = sourcecode.c.h; path = MPMoviePlayerVC.h; sourceTree = "<group>"; };
		A14CFBAB23642C7400E5E92C /* MPMoviePlayerVC.m */ = {isa = PBXFileReference; lastKnownFileType = sourcecode.c.objc; path = MPMoviePlayerVC.m; sourceTree = "<group>"; };
		A14CFBAD23642C9500E5E92C /* MPMoviePlayerVC.xib */ = {isa = PBXFileReference; lastKnownFileType = file.xib; path = MPMoviePlayerVC.xib; sourceTree = "<group>"; };
		A14CFBB023643C8C00E5E92C /* AVPlayerVC.h */ = {isa = PBXFileReference; lastKnownFileType = sourcecode.c.h; path = AVPlayerVC.h; sourceTree = "<group>"; };
		A14CFBB123643C8C00E5E92C /* AVPlayerVC.m */ = {isa = PBXFileReference; lastKnownFileType = sourcecode.c.objc; path = AVPlayerVC.m; sourceTree = "<group>"; };
		A14CFBB323643C9700E5E92C /* AVPlayerVC.xib */ = {isa = PBXFileReference; lastKnownFileType = file.xib; path = AVPlayerVC.xib; sourceTree = "<group>"; };
		A1824D5E235C5D77004D8C52 /* zaolei.jpg */ = {isa = PBXFileReference; lastKnownFileType = image.jpeg; path = zaolei.jpg; sourceTree = "<group>"; };
		A1824D5F235C5D77004D8C52 /* 朴树 - 平凡之路.mp3 */ = {isa = PBXFileReference; lastKnownFileType = audio.mp3; path = "朴树 - 平凡之路.mp3"; sourceTree = "<group>"; };
		A1824D60235C5D77004D8C52 /* AppDelegate.h */ = {isa = PBXFileReference; fileEncoding = 4; lastKnownFileType = sourcecode.c.h; path = AppDelegate.h; sourceTree = "<group>"; };
		A1824D61235C5D77004D8C52 /* SoundTableViewController.m */ = {isa = PBXFileReference; fileEncoding = 4; lastKnownFileType = sourcecode.c.objc; path = SoundTableViewController.m; sourceTree = "<group>"; };
		A1824D63235C5D77004D8C52 /* ViewController.m */ = {isa = PBXFileReference; fileEncoding = 4; lastKnownFileType = sourcecode.c.objc; path = ViewController.m; sourceTree = "<group>"; };
		A1824D64235C5D77004D8C52 /* SceneDelegate.m */ = {isa = PBXFileReference; fileEncoding = 4; lastKnownFileType = sourcecode.c.objc; path = SceneDelegate.m; sourceTree = "<group>"; };
		A1824D65235C5D77004D8C52 /* offline.jpg */ = {isa = PBXFileReference; lastKnownFileType = image.jpeg; path = offline.jpg; sourceTree = "<group>"; };
		A1824D66235C5D77004D8C52 /* SoundEffectViewController.xib */ = {isa = PBXFileReference; fileEncoding = 4; lastKnownFileType = file.xib; path = SoundEffectViewController.xib; sourceTree = "<group>"; };
		A1824D67235C5D77004D8C52 /* 赵雷 - 我们的时光.mp3 */ = {isa = PBXFileReference; lastKnownFileType = audio.mp3; path = "赵雷 - 我们的时光.mp3"; sourceTree = "<group>"; };
		A1824D69235C5D77004D8C52 /* SoundEffectViewController.m */ = {isa = PBXFileReference; fileEncoding = 4; lastKnownFileType = sourcecode.c.objc; path = SoundEffectViewController.m; sourceTree = "<group>"; };
		A1824D6A235C5D77004D8C52 /* sound1.mp3 */ = {isa = PBXFileReference; lastKnownFileType = audio.mp3; path = sound1.mp3; sourceTree = "<group>"; };
		A1824D6B235C5D77004D8C52 /* SoundEffectTools.h */ = {isa = PBXFileReference; fileEncoding = 4; lastKnownFileType = sourcecode.c.h; path = SoundEffectTools.h; sourceTree = "<group>"; };
		A1824D6C235C5D77004D8C52 /* SoundEffectViewController.h */ = {isa = PBXFileReference; fileEncoding = 4; lastKnownFileType = sourcecode.c.h; path = SoundEffectViewController.h; sourceTree = "<group>"; };
		A1824D6D235C5D77004D8C52 /* SoundEffectTools.m */ = {isa = PBXFileReference; fileEncoding = 4; lastKnownFileType = sourcecode.c.objc; path = SoundEffectTools.m; sourceTree = "<group>"; };
		A1824D6E235C5D77004D8C52 /* SoundTableViewController.h */ = {isa = PBXFileReference; fileEncoding = 4; lastKnownFileType = sourcecode.c.h; path = SoundTableViewController.h; sourceTree = "<group>"; };
		A1824D6F235C5D77004D8C52 /* AppDelegate.m */ = {isa = PBXFileReference; fileEncoding = 4; lastKnownFileType = sourcecode.c.objc; path = AppDelegate.m; sourceTree = "<group>"; };
		A1824D71235C5D77004D8C52 /* MyAVAudioPlayer.h */ = {isa = PBXFileReference; fileEncoding = 4; lastKnownFileType = sourcecode.c.h; path = MyAVAudioPlayer.h; sourceTree = "<group>"; };
		A1824D72235C5D77004D8C52 /* MediaInfo.h */ = {isa = PBXFileReference; fileEncoding = 4; lastKnownFileType = sourcecode.c.h; path = MediaInfo.h; sourceTree = "<group>"; };
		A1824D73235C5D77004D8C52 /* AVAudioPlayerViewController.h */ = {isa = PBXFileReference; fileEncoding = 4; lastKnownFileType = sourcecode.c.h; path = AVAudioPlayerViewController.h; sourceTree = "<group>"; };
		A1824D74235C5D77004D8C52 /* MyAVAudioPlayer.m */ = {isa = PBXFileReference; fileEncoding = 4; lastKnownFileType = sourcecode.c.objc; path = MyAVAudioPlayer.m; sourceTree = "<group>"; };
		A1824D75235C5D77004D8C52 /* AVAudioPlayerViewController.xib */ = {isa = PBXFileReference; fileEncoding = 4; lastKnownFileType = file.xib; path = AVAudioPlayerViewController.xib; sourceTree = "<group>"; };
		A1824D76235C5D77004D8C52 /* MediaInfo.m */ = {isa = PBXFileReference; fileEncoding = 4; lastKnownFileType = sourcecode.c.objc; path = MediaInfo.m; sourceTree = "<group>"; };
		A1824D77235C5D77004D8C52 /* AVAudioPlayerViewController.m */ = {isa = PBXFileReference; fileEncoding = 4; lastKnownFileType = sourcecode.c.objc; path = AVAudioPlayerViewController.m; sourceTree = "<group>"; };
		A1824D78235C5D77004D8C52 /* ViewController.h */ = {isa = PBXFileReference; fileEncoding = 4; lastKnownFileType = sourcecode.c.h; path = ViewController.h; sourceTree = "<group>"; };
		A1824D79235C5D77004D8C52 /* SceneDelegate.h */ = {isa = PBXFileReference; fileEncoding = 4; lastKnownFileType = sourcecode.c.h; path = SceneDelegate.h; sourceTree = "<group>"; };
		A1824D8A235C5E04004D8C52 /* AudioVideo-Prefix.pch */ = {isa = PBXFileReference; fileEncoding = 4; lastKnownFileType = sourcecode.c.h; path = "AudioVideo-Prefix.pch"; sourceTree = "<group>"; };
		A182CCE7236335F0009579BB /* FreeStreamerVC.h */ = {isa = PBXFileReference; lastKnownFileType = sourcecode.c.h; path = FreeStreamerVC.h; sourceTree = "<group>"; };
		A182CCE8236335F0009579BB /* FreeStreamerVC.m */ = {isa = PBXFileReference; lastKnownFileType = sourcecode.c.objc; path = FreeStreamerVC.m; sourceTree = "<group>"; };
		A182CCE9236335F0009579BB /* FreeStreamerVC.xib */ = {isa = PBXFileReference; lastKnownFileType = file.xib; path = FreeStreamerVC.xib; sourceTree = "<group>"; };
		A188ECBE236735A900817E00 /* AVCaptureSessionVC.h */ = {isa = PBXFileReference; lastKnownFileType = sourcecode.c.h; path = AVCaptureSessionVC.h; sourceTree = "<group>"; };
		A188ECBF236735A900817E00 /* AVCaptureSessionVC.m */ = {isa = PBXFileReference; lastKnownFileType = sourcecode.c.objc; path = AVCaptureSessionVC.m; sourceTree = "<group>"; };
		A188ECC0236735A900817E00 /* AVCaptureSessionVC.xib */ = {isa = PBXFileReference; lastKnownFileType = file.xib; path = AVCaptureSessionVC.xib; sourceTree = "<group>"; };
		A1BB8E162361E3F500F243DC /* AVAudioRecorderVC.h */ = {isa = PBXFileReference; lastKnownFileType = sourcecode.c.h; path = AVAudioRecorderVC.h; sourceTree = "<group>"; };
		A1BB8E172361E3F500F243DC /* AVAudioRecorderVC.m */ = {isa = PBXFileReference; lastKnownFileType = sourcecode.c.objc; path = AVAudioRecorderVC.m; sourceTree = "<group>"; };
		A1BB8E182361E3F500F243DC /* AVAudioRecorderVC.xib */ = {isa = PBXFileReference; lastKnownFileType = file.xib; path = AVAudioRecorderVC.xib; sourceTree = "<group>"; };
		A1E0B74123647784005E3AE3 /* AVAssetImageVC.h */ = {isa = PBXFileReference; lastKnownFileType = sourcecode.c.h; path = AVAssetImageVC.h; sourceTree = "<group>"; };
		A1E0B74223647784005E3AE3 /* AVAssetImageVC.m */ = {isa = PBXFileReference; lastKnownFileType = sourcecode.c.objc; path = AVAssetImageVC.m; sourceTree = "<group>"; };
		A1E0B744236477C1005E3AE3 /* AVAssetImageVC.xib */ = {isa = PBXFileReference; lastKnownFileType = file.xib; path = AVAssetImageVC.xib; sourceTree = "<group>"; };
/* End PBXFileReference section */

/* Begin PBXFrameworksBuildPhase section */
		A143F362235B5935006180EC /* Frameworks */ = {
			isa = PBXFrameworksBuildPhase;
			buildActionMask = 2147483647;
			files = (
				A10068F72363383200FE7EFB /* libxml2.tbd in Frameworks */,
			);
			runOnlyForDeploymentPostprocessing = 0;
		};
/* End PBXFrameworksBuildPhase section */

/* Begin PBXGroup section */
		A10068BB236337C000FE7EFB /* FreeStreamer */ = {
			isa = PBXGroup;
			children = (
				A10068BC236337C000FE7EFB /* audio_queue.h */,
				A10068BD236337C000FE7EFB /* Reachability.m */,
				A10068BE236337C000FE7EFB /* FSParseRssPodcastFeedRequest.m */,
				A10068BF236337C000FE7EFB /* FSXMLHttpRequest.h */,
				A10068C0236337C000FE7EFB /* http_stream.cpp */,
				A10068C1236337C000FE7EFB /* FSPlaylistItem.m */,
				A10068C2236337C000FE7EFB /* audio_stream.cpp */,
				A10068C3236337C000FE7EFB /* FSParsePlaylistRequest.h */,
				A10068C4236337C000FE7EFB /* id3_parser.cpp */,
				A10068C5236337C000FE7EFB /* FSCheckContentTypeRequest.m */,
				A10068C6236337C000FE7EFB /* stream_configuration.cpp */,
				A10068C7236337C000FE7EFB /* file_stream.h */,
				A10068C8236337C000FE7EFB /* input_stream.cpp */,
				A10068C9236337C000FE7EFB /* input_stream.h */,
				A10068CA236337C000FE7EFB /* file_output.h */,
				A10068CB236337C000FE7EFB /* FSAudioController.m */,
				A10068CC236337C000FE7EFB /* file_output.cpp */,
				A10068CD236337C000FE7EFB /* caching_stream.cpp */,
				A10068CE236337C000FE7EFB /* audio_stream.h */,
				A10068CF236337C000FE7EFB /* http_stream.h */,
				A10068D0236337C000FE7EFB /* FSPlaylistItem.h */,
				A10068D1236337C000FE7EFB /* FSXMLHttpRequest.m */,
				A10068D2236337C000FE7EFB /* FSParseRssPodcastFeedRequest.h */,
				A10068D3236337C000FE7EFB /* Reachability.h */,
				A10068D4236337C000FE7EFB /* FSAudioStream.mm */,
				A10068D5236337C000FE7EFB /* id3_parser.h */,
				A10068D6236337C000FE7EFB /* audio_queue.cpp */,
				A10068D7236337C000FE7EFB /* FSCheckContentTypeRequest.h */,
				A10068D8236337C000FE7EFB /* file_stream.cpp */,
				A10068D9236337C000FE7EFB /* FSParsePlaylistRequest.m */,
				A10068DA236337C000FE7EFB /* FSAudioStream.h */,
				A10068DB236337C000FE7EFB /* FreeStreamer.h */,
				A10068DC236337C000FE7EFB /* FSAudioController.h */,
				A10068DD236337C000FE7EFB /* stream_configuration.h */,
				A10068DE236337C000FE7EFB /* Info.plist */,
				A10068DF236337C000FE7EFB /* caching_stream.h */,
			);
			path = FreeStreamer;
			sourceTree = "<group>";
		};
		A10068F2236337EE00FE7EFB /* Frameworks */ = {
			isa = PBXGroup;
			children = (
				A10068F52363382300FE7EFB /* libxml2.2.tbd */,
				A10068F3236337EE00FE7EFB /* libxml2.tbd */,
			);
			name = Frameworks;
			sourceTree = "<group>";
		};
		A143F35C235B5935006180EC = {
			isa = PBXGroup;
			children = (
				A143F367235B5935006180EC /* AudioVideo */,
				A143F366235B5935006180EC /* Products */,
				A10068F2236337EE00FE7EFB /* Frameworks */,
			);
			sourceTree = "<group>";
		};
		A143F366235B5935006180EC /* Products */ = {
			isa = PBXGroup;
			children = (
				A143F365235B5935006180EC /* AudioVideo.app */,
			);
			name = Products;
			sourceTree = "<group>";
		};
		A143F367235B5935006180EC /* AudioVideo */ = {
			isa = PBXGroup;
			children = (
				A1824D5D235C5D77004D8C52 /* Class */,
				A143F374235B5936006180EC /* Assets.xcassets */,
				A1824D8A235C5E04004D8C52 /* AudioVideo-Prefix.pch */,
				A143F371235B5935006180EC /* Main.storyboard */,
				A143F376235B5936006180EC /* LaunchScreen.storyboard */,
				A143F379235B5936006180EC /* Info.plist */,
				A143F37A235B5936006180EC /* main.m */,
			);
			path = AudioVideo;
			sourceTree = "<group>";
		};
		A14A64202365943B001102A0 /* UIImagePicker */ = {
			isa = PBXGroup;
			children = (
				A14A642123659467001102A0 /* ImagePickVC.h */,
				A14A642223659467001102A0 /* ImagePickVC.m */,
				A14A642323659467001102A0 /* ImagePickVC.xib */,
			);
			path = UIImagePicker;
			sourceTree = "<group>";
		};
		A14CFBA923642C0C00E5E92C /* MPMoviePlayerController */ = {
			isa = PBXGroup;
			children = (
				A14CFBAA23642C7400E5E92C /* MPMoviePlayerVC.h */,
				A14CFBAB23642C7400E5E92C /* MPMoviePlayerVC.m */,
				A14CFBAD23642C9500E5E92C /* MPMoviePlayerVC.xib */,
			);
			path = MPMoviePlayerController;
			sourceTree = "<group>";
		};
		A14CFBAF23643C5600E5E92C /* AVPlayer */ = {
			isa = PBXGroup;
			children = (
				A14CFBB023643C8C00E5E92C /* AVPlayerVC.h */,
				A14CFBB123643C8C00E5E92C /* AVPlayerVC.m */,
				A14CFBB323643C9700E5E92C /* AVPlayerVC.xib */,
			);
			path = AVPlayer;
			sourceTree = "<group>";
		};
		A1824D5D235C5D77004D8C52 /* Class */ = {
			isa = PBXGroup;
			children = (
				A188ECBD2367357200817E00 /* AVCaptureSession */,
				A14A64202365943B001102A0 /* UIImagePicker */,
				A1E0B740236476FD005E3AE3 /* AVAssetImageGenerator  */,
				A14CFBAF23643C5600E5E92C /* AVPlayer */,
				A14CFBA923642C0C00E5E92C /* MPMoviePlayerController */,
				A182CCE6236335B0009579BB /* FreeStreamer */,
				A1BB8E152361E38B00F243DC /* AVAudioRecorder */,
				A186E9C2235F3DBC00422F15 /* MusicPlayer */,
				A1824D68235C5D77004D8C52 /* 音效 */,
				A1824D70235C5D77004D8C52 /* AVAudioPlayer */,
				A1824D5E235C5D77004D8C52 /* zaolei.jpg */,
				A1824D5F235C5D77004D8C52 /* 朴树 - 平凡之路.mp3 */,
				A11CFFFB2364803F007288D4 /* test4.mp4 */,
				A1824D6F235C5D77004D8C52 /* AppDelegate.m */,
				A1824D60235C5D77004D8C52 /* AppDelegate.h */,
				A1824D6E235C5D77004D8C52 /* SoundTableViewController.h */,
				A1824D61235C5D77004D8C52 /* SoundTableViewController.m */,
				A1824D78235C5D77004D8C52 /* ViewController.h */,
				A1824D63235C5D77004D8C52 /* ViewController.m */,
				A1824D79235C5D77004D8C52 /* SceneDelegate.h */,
				A1824D64235C5D77004D8C52 /* SceneDelegate.m */,
				A1824D65235C5D77004D8C52 /* offline.jpg */,
				A1824D67235C5D77004D8C52 /* 赵雷 - 我们的时光.mp3 */,
			);
			path = Class;
			sourceTree = "<group>";
		};
		A1824D68235C5D77004D8C52 /* 音效 */ = {
			isa = PBXGroup;
			children = (
				A1824D6A235C5D77004D8C52 /* sound1.mp3 */,
				A1824D6B235C5D77004D8C52 /* SoundEffectTools.h */,
				A1824D6D235C5D77004D8C52 /* SoundEffectTools.m */,
				A1824D6C235C5D77004D8C52 /* SoundEffectViewController.h */,
				A1824D69235C5D77004D8C52 /* SoundEffectViewController.m */,
				A1824D66235C5D77004D8C52 /* SoundEffectViewController.xib */,
			);
			path = "音效";
			sourceTree = "<group>";
		};
		A1824D70235C5D77004D8C52 /* AVAudioPlayer */ = {
			isa = PBXGroup;
			children = (
				A1824D72235C5D77004D8C52 /* MediaInfo.h */,
				A1824D76235C5D77004D8C52 /* MediaInfo.m */,
				A1824D71235C5D77004D8C52 /* MyAVAudioPlayer.h */,
				A1824D74235C5D77004D8C52 /* MyAVAudioPlayer.m */,
				A1824D73235C5D77004D8C52 /* AVAudioPlayerViewController.h */,
				A1824D77235C5D77004D8C52 /* AVAudioPlayerViewController.m */,
				A1824D75235C5D77004D8C52 /* AVAudioPlayerViewController.xib */,
			);
			path = AVAudioPlayer;
			sourceTree = "<group>";
		};
		A182CCE6236335B0009579BB /* FreeStreamer */ = {
			isa = PBXGroup;
			children = (
				A182CCE7236335F0009579BB /* FreeStreamerVC.h */,
				A182CCE8236335F0009579BB /* FreeStreamerVC.m */,
				A182CCE9236335F0009579BB /* FreeStreamerVC.xib */,
				A14CFBA62363FD9400E5E92C /* FreeStreamerUtils.h */,
				A14CFBA72363FD9400E5E92C /* FreeStreamerUtils.m */,
				A10068BB236337C000FE7EFB /* FreeStreamer */,
			);
			path = FreeStreamer;
			sourceTree = "<group>";
		};
		A186E9C2235F3DBC00422F15 /* MusicPlayer */ = {
			isa = PBXGroup;
			children = (
				A106D2E9235F4ADC00557E26 /* MusicPlayerViewController.h */,
				A106D2EA235F4ADC00557E26 /* MusicPlayerViewController.m */,
				A106D2EC235F50F900557E26 /* MusicPlayerVC.xib */,
			);
			path = MusicPlayer;
			sourceTree = "<group>";
		};
		A188ECBD2367357200817E00 /* AVCaptureSession */ = {
			isa = PBXGroup;
			children = (
				A188ECBE236735A900817E00 /* AVCaptureSessionVC.h */,
				A188ECBF236735A900817E00 /* AVCaptureSessionVC.m */,
				A188ECC0236735A900817E00 /* AVCaptureSessionVC.xib */,
			);
			path = AVCaptureSession;
			sourceTree = "<group>";
		};
		A1BB8E152361E38B00F243DC /* AVAudioRecorder */ = {
			isa = PBXGroup;
			children = (
				A1BB8E162361E3F500F243DC /* AVAudioRecorderVC.h */,
				A1BB8E172361E3F500F243DC /* AVAudioRecorderVC.m */,
				A1BB8E182361E3F500F243DC /* AVAudioRecorderVC.xib */,
			);
			path = AVAudioRecorder;
			sourceTree = "<group>";
		};
		A1E0B740236476FD005E3AE3 /* AVAssetImageGenerator  */ = {
			isa = PBXGroup;
			children = (
				A1E0B74123647784005E3AE3 /* AVAssetImageVC.h */,
				A1E0B74223647784005E3AE3 /* AVAssetImageVC.m */,
				A1E0B744236477C1005E3AE3 /* AVAssetImageVC.xib */,
			);
			path = "AVAssetImageGenerator ";
			sourceTree = "<group>";
		};
/* End PBXGroup section */

/* Begin PBXNativeTarget section */
		A143F364235B5935006180EC /* AudioVideo */ = {
			isa = PBXNativeTarget;
			buildConfigurationList = A143F37E235B5936006180EC /* Build configuration list for PBXNativeTarget "AudioVideo" */;
			buildPhases = (
				A143F361235B5935006180EC /* Sources */,
				A143F362235B5935006180EC /* Frameworks */,
				A143F363235B5935006180EC /* Resources */,
			);
			buildRules = (
			);
			dependencies = (
			);
			name = AudioVideo;
			productName = AudioVideo;
			productReference = A143F365235B5935006180EC /* AudioVideo.app */;
			productType = "com.apple.product-type.application";
		};
/* End PBXNativeTarget section */

/* Begin PBXProject section */
		A143F35D235B5935006180EC /* Project object */ = {
			isa = PBXProject;
			attributes = {
				LastUpgradeCheck = 1100;
				ORGANIZATIONNAME = Myron;
				TargetAttributes = {
					A143F364235B5935006180EC = {
						CreatedOnToolsVersion = 11.0;
					};
				};
			};
			buildConfigurationList = A143F360235B5935006180EC /* Build configuration list for PBXProject "AudioVideo" */;
			compatibilityVersion = "Xcode 9.3";
			developmentRegion = en;
			hasScannedForEncodings = 0;
			knownRegions = (
				en,
				Base,
			);
			mainGroup = A143F35C235B5935006180EC;
			productRefGroup = A143F366235B5935006180EC /* Products */;
			projectDirPath = "";
			projectRoot = "";
			targets = (
				A143F364235B5935006180EC /* AudioVideo */,
			);
		};
/* End PBXProject section */

/* Begin PBXResourcesBuildPhase section */
		A143F363235B5935006180EC /* Resources */ = {
			isa = PBXResourcesBuildPhase;
			buildActionMask = 2147483647;
			files = (
				A1824D83235C5D77004D8C52 /* sound1.mp3 in Resources */,
				A1824D80235C5D77004D8C52 /* SoundEffectViewController.xib in Resources */,
				A143F378235B5936006180EC /* LaunchScreen.storyboard in Resources */,
				A188ECC2236735A900817E00 /* AVCaptureSessionVC.xib in Resources */,
				A106D2ED235F50F900557E26 /* MusicPlayerVC.xib in Resources */,
				A1824D7A235C5D77004D8C52 /* zaolei.jpg in Resources */,
				A14A642523659467001102A0 /* ImagePickVC.xib in Resources */,
				A143F375235B5936006180EC /* Assets.xcassets in Resources */,
				A11CFFFC2364803F007288D4 /* test4.mp4 in Resources */,
				A1E0B745236477C1005E3AE3 /* AVAssetImageVC.xib in Resources */,
				A182CCEB236335F0009579BB /* FreeStreamerVC.xib in Resources */,
				A14CFBAE23642C9500E5E92C /* MPMoviePlayerVC.xib in Resources */,
				A143F373235B5935006180EC /* Main.storyboard in Resources */,
				A1824D81235C5D77004D8C52 /* 赵雷 - 我们的时光.mp3 in Resources */,
				A1824D87235C5D77004D8C52 /* AVAudioPlayerViewController.xib in Resources */,
				A1824D7B235C5D77004D8C52 /* 朴树 - 平凡之路.mp3 in Resources */,
				A1BB8E1A2361E3F500F243DC /* AVAudioRecorderVC.xib in Resources */,
				A1824D7F235C5D77004D8C52 /* offline.jpg in Resources */,
				A14CFBB423643C9700E5E92C /* AVPlayerVC.xib in Resources */,
			);
			runOnlyForDeploymentPostprocessing = 0;
		};
/* End PBXResourcesBuildPhase section */

/* Begin PBXSourcesBuildPhase section */
		A143F361235B5935006180EC /* Sources */ = {
			isa = PBXSourcesBuildPhase;
			buildActionMask = 2147483647;
			files = (
				A10068EA236337C000FE7EFB /* file_output.cpp in Sources */,
				A1824D86235C5D77004D8C52 /* MyAVAudioPlayer.m in Sources */,
				A14CFBB223643C8C00E5E92C /* AVPlayerVC.m in Sources */,
				A1824D7D235C5D77004D8C52 /* ViewController.m in Sources */,
				A188ECC1236735A900817E00 /* AVCaptureSessionVC.m in Sources */,
				A10068EB236337C000FE7EFB /* caching_stream.cpp in Sources */,
				A1824D88235C5D77004D8C52 /* MediaInfo.m in Sources */,
				A182CCEA236335F0009579BB /* FreeStreamerVC.m in Sources */,
				A10068F0236337C000FE7EFB /* FSParsePlaylistRequest.m in Sources */,
				A10068E4236337C000FE7EFB /* audio_stream.cpp in Sources */,
				A10068E1236337C000FE7EFB /* FSParseRssPodcastFeedRequest.m in Sources */,
				A10068E9236337C000FE7EFB /* FSAudioController.m in Sources */,
				A10068E8236337C000FE7EFB /* input_stream.cpp in Sources */,
				A143F37B235B5936006180EC /* main.m in Sources */,
				A106D2EB235F4ADC00557E26 /* MusicPlayerViewController.m in Sources */,
				A14A642423659467001102A0 /* ImagePickVC.m in Sources */,
				A1E0B74323647784005E3AE3 /* AVAssetImageVC.m in Sources */,
				A10068E7236337C000FE7EFB /* stream_configuration.cpp in Sources */,
				A1824D84235C5D77004D8C52 /* SoundEffectTools.m in Sources */,
				A14CFBAC23642C7400E5E92C /* MPMoviePlayerVC.m in Sources */,
				A10068E5236337C000FE7EFB /* id3_parser.cpp in Sources */,
				A1824D82235C5D77004D8C52 /* SoundEffectViewController.m in Sources */,
				A10068EC236337C000FE7EFB /* FSXMLHttpRequest.m in Sources */,
				A1824D7C235C5D77004D8C52 /* SoundTableViewController.m in Sources */,
				A10068EE236337C000FE7EFB /* audio_queue.cpp in Sources */,
				A1824D89235C5D77004D8C52 /* AVAudioPlayerViewController.m in Sources */,
				A10068ED236337C000FE7EFB /* FSAudioStream.mm in Sources */,
				A10068E2236337C000FE7EFB /* http_stream.cpp in Sources */,
				A10068E0236337C000FE7EFB /* Reachability.m in Sources */,
				A10068E6236337C000FE7EFB /* FSCheckContentTypeRequest.m in Sources */,
				A1824D7E235C5D77004D8C52 /* SceneDelegate.m in Sources */,
				A1BB8E192361E3F500F243DC /* AVAudioRecorderVC.m in Sources */,
				A10068EF236337C000FE7EFB /* file_stream.cpp in Sources */,
				A14CFBA82363FD9400E5E92C /* FreeStreamerUtils.m in Sources */,
				A10068E3236337C000FE7EFB /* FSPlaylistItem.m in Sources */,
				A1824D85235C5D77004D8C52 /* AppDelegate.m in Sources */,
			);
			runOnlyForDeploymentPostprocessing = 0;
		};
/* End PBXSourcesBuildPhase section */

/* Begin PBXVariantGroup section */
		A143F371235B5935006180EC /* Main.storyboard */ = {
			isa = PBXVariantGroup;
			children = (
				A143F372235B5935006180EC /* Base */,
			);
			name = Main.storyboard;
			sourceTree = "<group>";
		};
		A143F376235B5936006180EC /* LaunchScreen.storyboard */ = {
			isa = PBXVariantGroup;
			children = (
				A143F377235B5936006180EC /* Base */,
			);
			name = LaunchScreen.storyboard;
			sourceTree = "<group>";
		};
/* End PBXVariantGroup section */

/* Begin XCBuildConfiguration section */
		A143F37C235B5936006180EC /* Debug */ = {
			isa = XCBuildConfiguration;
			buildSettings = {
				ALWAYS_SEARCH_USER_PATHS = NO;
				CLANG_ANALYZER_NONNULL = YES;
				CLANG_ANALYZER_NUMBER_OBJECT_CONVERSION = YES_AGGRESSIVE;
				CLANG_CXX_LANGUAGE_STANDARD = "gnu++14";
				CLANG_CXX_LIBRARY = "libc++";
				CLANG_ENABLE_MODULES = YES;
				CLANG_ENABLE_OBJC_ARC = YES;
				CLANG_ENABLE_OBJC_WEAK = YES;
				CLANG_WARN_BLOCK_CAPTURE_AUTORELEASING = YES;
				CLANG_WARN_BOOL_CONVERSION = YES;
				CLANG_WARN_COMMA = YES;
				CLANG_WARN_CONSTANT_CONVERSION = YES;
				CLANG_WARN_DEPRECATED_OBJC_IMPLEMENTATIONS = YES;
				CLANG_WARN_DIRECT_OBJC_ISA_USAGE = YES_ERROR;
				CLANG_WARN_DOCUMENTATION_COMMENTS = YES;
				CLANG_WARN_EMPTY_BODY = YES;
				CLANG_WARN_ENUM_CONVERSION = YES;
				CLANG_WARN_INFINITE_RECURSION = YES;
				CLANG_WARN_INT_CONVERSION = YES;
				CLANG_WARN_NON_LITERAL_NULL_CONVERSION = YES;
				CLANG_WARN_OBJC_IMPLICIT_RETAIN_SELF = YES;
				CLANG_WARN_OBJC_LITERAL_CONVERSION = YES;
				CLANG_WARN_OBJC_ROOT_CLASS = YES_ERROR;
				CLANG_WARN_RANGE_LOOP_ANALYSIS = YES;
				CLANG_WARN_STRICT_PROTOTYPES = YES;
				CLANG_WARN_SUSPICIOUS_MOVE = YES;
				CLANG_WARN_UNGUARDED_AVAILABILITY = YES_AGGRESSIVE;
				CLANG_WARN_UNREACHABLE_CODE = YES;
				CLANG_WARN__DUPLICATE_METHOD_MATCH = YES;
				COPY_PHASE_STRIP = NO;
				DEBUG_INFORMATION_FORMAT = dwarf;
				ENABLE_STRICT_OBJC_MSGSEND = YES;
				ENABLE_TESTABILITY = YES;
				GCC_C_LANGUAGE_STANDARD = gnu11;
				GCC_DYNAMIC_NO_PIC = NO;
				GCC_NO_COMMON_BLOCKS = YES;
				GCC_OPTIMIZATION_LEVEL = 0;
				GCC_PREPROCESSOR_DEFINITIONS = (
					"DEBUG=1",
					"$(inherited)",
				);
				GCC_WARN_64_TO_32_BIT_CONVERSION = YES;
				GCC_WARN_ABOUT_RETURN_TYPE = YES_ERROR;
				GCC_WARN_UNDECLARED_SELECTOR = YES;
				GCC_WARN_UNINITIALIZED_AUTOS = YES_AGGRESSIVE;
				GCC_WARN_UNUSED_FUNCTION = YES;
				GCC_WARN_UNUSED_VARIABLE = YES;
				IPHONEOS_DEPLOYMENT_TARGET = 13.0;
				MTL_ENABLE_DEBUG_INFO = INCLUDE_SOURCE;
				MTL_FAST_MATH = YES;
				ONLY_ACTIVE_ARCH = YES;
				SDKROOT = iphoneos;
			};
			name = Debug;
		};
		A143F37D235B5936006180EC /* Release */ = {
			isa = XCBuildConfiguration;
			buildSettings = {
				ALWAYS_SEARCH_USER_PATHS = NO;
				CLANG_ANALYZER_NONNULL = YES;
				CLANG_ANALYZER_NUMBER_OBJECT_CONVERSION = YES_AGGRESSIVE;
				CLANG_CXX_LANGUAGE_STANDARD = "gnu++14";
				CLANG_CXX_LIBRARY = "libc++";
				CLANG_ENABLE_MODULES = YES;
				CLANG_ENABLE_OBJC_ARC = YES;
				CLANG_ENABLE_OBJC_WEAK = YES;
				CLANG_WARN_BLOCK_CAPTURE_AUTORELEASING = YES;
				CLANG_WARN_BOOL_CONVERSION = YES;
				CLANG_WARN_COMMA = YES;
				CLANG_WARN_CONSTANT_CONVERSION = YES;
				CLANG_WARN_DEPRECATED_OBJC_IMPLEMENTATIONS = YES;
				CLANG_WARN_DIRECT_OBJC_ISA_USAGE = YES_ERROR;
				CLANG_WARN_DOCUMENTATION_COMMENTS = YES;
				CLANG_WARN_EMPTY_BODY = YES;
				CLANG_WARN_ENUM_CONVERSION = YES;
				CLANG_WARN_INFINITE_RECURSION = YES;
				CLANG_WARN_INT_CONVERSION = YES;
				CLANG_WARN_NON_LITERAL_NULL_CONVERSION = YES;
				CLANG_WARN_OBJC_IMPLICIT_RETAIN_SELF = YES;
				CLANG_WARN_OBJC_LITERAL_CONVERSION = YES;
				CLANG_WARN_OBJC_ROOT_CLASS = YES_ERROR;
				CLANG_WARN_RANGE_LOOP_ANALYSIS = YES;
				CLANG_WARN_STRICT_PROTOTYPES = YES;
				CLANG_WARN_SUSPICIOUS_MOVE = YES;
				CLANG_WARN_UNGUARDED_AVAILABILITY = YES_AGGRESSIVE;
				CLANG_WARN_UNREACHABLE_CODE = YES;
				CLANG_WARN__DUPLICATE_METHOD_MATCH = YES;
				COPY_PHASE_STRIP = NO;
				DEBUG_INFORMATION_FORMAT = "dwarf-with-dsym";
				ENABLE_NS_ASSERTIONS = NO;
				ENABLE_STRICT_OBJC_MSGSEND = YES;
				GCC_C_LANGUAGE_STANDARD = gnu11;
				GCC_NO_COMMON_BLOCKS = YES;
				GCC_WARN_64_TO_32_BIT_CONVERSION = YES;
				GCC_WARN_ABOUT_RETURN_TYPE = YES_ERROR;
				GCC_WARN_UNDECLARED_SELECTOR = YES;
				GCC_WARN_UNINITIALIZED_AUTOS = YES_AGGRESSIVE;
				GCC_WARN_UNUSED_FUNCTION = YES;
				GCC_WARN_UNUSED_VARIABLE = YES;
				IPHONEOS_DEPLOYMENT_TARGET = 13.0;
				MTL_ENABLE_DEBUG_INFO = NO;
				MTL_FAST_MATH = YES;
				SDKROOT = iphoneos;
				VALIDATE_PRODUCT = YES;
			};
			name = Release;
		};
		A143F37F235B5936006180EC /* Debug */ = {
			isa = XCBuildConfiguration;
			buildSettings = {
				ASSETCATALOG_COMPILER_APPICON_NAME = AppIcon;
				CODE_SIGN_STYLE = Automatic;
				DEVELOPMENT_TEAM = KGB4YH8FC6;
				GCC_PREFIX_HEADER = "AudioVideo/AudioVideo-Prefix.pch";
				HEADER_SEARCH_PATHS = "$(SDKROOT)/usr/include/libxml2";
				INFOPLIST_FILE = AudioVideo/Info.plist;
				LD_RUNPATH_SEARCH_PATHS = (
					"$(inherited)",
					"@executable_path/Frameworks",
				);
				PRODUCT_BUNDLE_IDENTIFIER = com.myron.AudioVideo;
				PRODUCT_NAME = "$(TARGET_NAME)";
				TARGETED_DEVICE_FAMILY = "1,2";
			};
			name = Debug;
		};
		A143F380235B5936006180EC /* Release */ = {
			isa = XCBuildConfiguration;
			buildSettings = {
				ASSETCATALOG_COMPILER_APPICON_NAME = AppIcon;
				CODE_SIGN_STYLE = Automatic;
				DEVELOPMENT_TEAM = KGB4YH8FC6;
				GCC_PREFIX_HEADER = "AudioVideo/AudioVideo-Prefix.pch";
				HEADER_SEARCH_PATHS = "$(SDKROOT)/usr/include/libxml2";
				INFOPLIST_FILE = AudioVideo/Info.plist;
				LD_RUNPATH_SEARCH_PATHS = (
					"$(inherited)",
					"@executable_path/Frameworks",
				);
				PRODUCT_BUNDLE_IDENTIFIER = com.myron.AudioVideo;
				PRODUCT_NAME = "$(TARGET_NAME)";
				TARGETED_DEVICE_FAMILY = "1,2";
			};
			name = Release;
		};
/* End XCBuildConfiguration section */

/* Begin XCConfigurationList section */
		A143F360235B5935006180EC /* Build configuration list for PBXProject "AudioVideo" */ = {
			isa = XCConfigurationList;
			buildConfigurations = (
				A143F37C235B5936006180EC /* Debug */,
				A143F37D235B5936006180EC /* Release */,
			);
			defaultConfigurationIsVisible = 0;
			defaultConfigurationName = Release;
		};
		A143F37E235B5936006180EC /* Build configuration list for PBXNativeTarget "AudioVideo" */ = {
			isa = XCConfigurationList;
			buildConfigurations = (
				A143F37F235B5936006180EC /* Debug */,
				A143F380235B5936006180EC /* Release */,
			);
			defaultConfigurationIsVisible = 0;
			defaultConfigurationName = Release;
		};
/* End XCConfigurationList section */
	};
	rootObject = A143F35D235B5935006180EC /* Project object */;
}
